
Microsoft Visual Studio Solution File, Format Version 12.00
Project("{2150E333-8FDC-42A3-9474-1A3956D46DE8}") = "services", "services", "{63A98770-29B1-4E51-BE13-329297B595B8}"
EndProject
Project("{FAE04EC0-301F-11D3-BF4B-00C04F79EFBC}") = "Project-D.Api", "Project-D.Api\Project-D.Api.csproj", "{3B9C4110-01C7-4BB8-BB33-CBB00C766436}"
EndProject
Project("{2150E333-8FDC-42A3-9474-1A3956D46DE8}") = "Users", "Users", "{CB2F6E71-0595-4657-85AC-9B118454D2EC}"
EndProject
Project("{FAE04EC0-301F-11D3-BF4B-00C04F79EFBC}") = "IGarro.Users.Application", "services\Users\IGarro.Users.Application\IGarro.Users.Application.csproj", "{A2EB1A28-69D7-4138-B188-707445E275D0}"
EndProject
Project("{FAE04EC0-301F-11D3-BF4B-00C04F79EFBC}") = "IGarro.Users.Application.Contracts", "services\Users\IGarro.Users.Application.Contracts\IGarro.Users.Application.Contracts.csproj", "{13B03341-25FD-4517-850E-F749161DF1C4}"
EndProject
Project("{FAE04EC0-301F-11D3-BF4B-00C04F79EFBC}") = "IGarro.Users.Domain", "services\Users\IGarro.Users.Domain\IGarro.Users.Domain.csproj", "{197BE4A2-D92F-429E-8B11-CCEEB88240C7}"
EndProject
Project("{FAE04EC0-301F-11D3-BF4B-00C04F79EFBC}") = "IGarro.Users.Persistence", "services\Users\IGarro.Users.Persistence\IGarro.Users.Persistence.csproj", "{BD8ACEBB-24CD-4751-987B-24B40126B8EB}"
EndProject
Project("{FAE04EC0-301F-11D3-BF4B-00C04F79EFBC}") = "IGarro.Users.Testing", "services\Users\IGarro.Users.Testing\IGarro.Users.Testing.csproj", "{AF307475-A4C1-4C3F-8D49-DD3AEE60B1D1}"
EndProject
Global
	GlobalSection(SolutionConfigurationPlatforms) = preSolution
		Debug|Any CPU = Debug|Any CPU
		Release|Any CPU = Release|Any CPU
	EndGlobalSection
	GlobalSection(NestedProjects) = preSolution
		{CB2F6E71-0595-4657-85AC-9B118454D2EC} = {63A98770-29B1-4E51-BE13-329297B595B8}
		{A2EB1A28-69D7-4138-B188-707445E275D0} = {CB2F6E71-0595-4657-85AC-9B118454D2EC}
		{13B03341-25FD-4517-850E-F749161DF1C4} = {CB2F6E71-0595-4657-85AC-9B118454D2EC}
		{197BE4A2-D92F-429E-8B11-CCEEB88240C7} = {CB2F6E71-0595-4657-85AC-9B118454D2EC}
		{BD8ACEBB-24CD-4751-987B-24B40126B8EB} = {CB2F6E71-0595-4657-85AC-9B118454D2EC}
		{AF307475-A4C1-4C3F-8D49-DD3AEE60B1D1} = {CB2F6E71-0595-4657-85AC-9B118454D2EC}
	EndGlobalSection
	GlobalSection(ProjectConfigurationPlatforms) = postSolution
		{3B9C4110-01C7-4BB8-BB33-CBB00C766436}.Debug|Any CPU.ActiveCfg = Debug|Any CPU
		{3B9C4110-01C7-4BB8-BB33-CBB00C766436}.Debug|Any CPU.Build.0 = Debug|Any CPU
		{3B9C4110-01C7-4BB8-BB33-CBB00C766436}.Release|Any CPU.ActiveCfg = Release|Any CPU
		{3B9C4110-01C7-4BB8-BB33-CBB00C766436}.Release|Any CPU.Build.0 = Release|Any CPU
		{A2EB1A28-69D7-4138-B188-707445E275D0}.Debug|Any CPU.ActiveCfg = Debug|Any CPU
		{A2EB1A28-69D7-4138-B188-707445E275D0}.Debug|Any CPU.Build.0 = Debug|Any CPU
		{A2EB1A28-69D7-4138-B188-707445E275D0}.Release|Any CPU.ActiveCfg = Release|Any CPU
		{A2EB1A28-69D7-4138-B188-707445E275D0}.Release|Any CPU.Build.0 = Release|Any CPU
		{13B03341-25FD-4517-850E-F749161DF1C4}.Debug|Any CPU.ActiveCfg = Debug|Any CPU
		{13B03341-25FD-4517-850E-F749161DF1C4}.Debug|Any CPU.Build.0 = Debug|Any CPU
		{13B03341-25FD-4517-850E-F749161DF1C4}.Release|Any CPU.ActiveCfg = Release|Any CPU
		{13B03341-25FD-4517-850E-F749161DF1C4}.Release|Any CPU.Build.0 = Release|Any CPU
		{197BE4A2-D92F-429E-8B11-CCEEB88240C7}.Debug|Any CPU.ActiveCfg = Debug|Any CPU
		{197BE4A2-D92F-429E-8B11-CCEEB88240C7}.Debug|Any CPU.Build.0 = Debug|Any CPU
		{197BE4A2-D92F-429E-8B11-CCEEB88240C7}.Release|Any CPU.ActiveCfg = Release|Any CPU
		{197BE4A2-D92F-429E-8B11-CCEEB88240C7}.Release|Any CPU.Build.0 = Release|Any CPU
		{BD8ACEBB-24CD-4751-987B-24B40126B8EB}.Debug|Any CPU.ActiveCfg = Debug|Any CPU
		{BD8ACEBB-24CD-4751-987B-24B40126B8EB}.Debug|Any CPU.Build.0 = Debug|Any CPU
		{BD8ACEBB-24CD-4751-987B-24B40126B8EB}.Release|Any CPU.ActiveCfg = Release|Any CPU
		{BD8ACEBB-24CD-4751-987B-24B40126B8EB}.Release|Any CPU.Build.0 = Release|Any CPU
		{AF307475-A4C1-4C3F-8D49-DD3AEE60B1D1}.Debug|Any CPU.ActiveCfg = Debug|Any CPU
		{AF307475-A4C1-4C3F-8D49-DD3AEE60B1D1}.Debug|Any CPU.Build.0 = Debug|Any CPU
		{AF307475-A4C1-4C3F-8D49-DD3AEE60B1D1}.Release|Any CPU.ActiveCfg = Release|Any CPU
		{AF307475-A4C1-4C3F-8D49-DD3AEE60B1D1}.Release|Any CPU.Build.0 = Release|Any CPU
	EndGlobalSection
EndGlobal
